Microsoft Visual Studio Solution File, Format Version 12.00
# Visual Studio 15
VisualStudioVersion = 15.0.26730.16
MinimumVisualStudioVersion = 10.0.40219.1
Project("{2150E333-8FDC-42A3-9474-1A3956D46DE8}") = ".paket", "src\.paket", "{CC5F6FEE-9189-4335-B531-BF8D8C695BB3}"
	ProjectSection(SolutionItems) = preProject
		src\paket.dependencies = src\paket.dependencies
		README.md = README.md
		RELEASE_NOTES.md = RELEASE_NOTES.md
	EndProjectSection
EndProject
Project("{F2A71F9B-5D33-465A-A702-920D77279786}") = "Koffee", "src\Koffee\Koffee.fsproj", "{4DF0BA98-3CE7-422B-B37E-AFB2576FA90D}"
EndProject
Project("{F2A71F9B-5D33-465A-A702-920D77279786}") = "Koffee.Tests", "src\Koffee.Tests\Koffee.Tests.fsproj", "{DC87CBFA-3CEF-4508-9B78-0972B34F1BD7}"
EndProject
Project("{FAE04EC0-301F-11D3-BF4B-00C04F79EFBC}") = "KoffeeUI", "src\KoffeeUI\KoffeeUI.csproj", "{EB6E4DED-E7C6-4F26-968F-42D0A3FF74F7}"
EndProject
Project("{F2A71F9B-5D33-465A-A702-920D77279786}") = "KoffeeUI.Test", "src\KoffeeUI.Test\KoffeeUI.Test.fsproj", "{213B8A96-C842-4C6A-9540-174E0711A8DB}"
EndProject
Global
	GlobalSection(SolutionConfigurationPlatforms) = preSolution
		Debug|Any CPU = Debug|Any CPU
		Release|Any CPU = Release|Any CPU
	EndGlobalSection
	GlobalSection(ProjectConfigurationPlatforms) = postSolution
		{4DF0BA98-3CE7-422B-B37E-AFB2576FA90D}.Debug|Any CPU.ActiveCfg = Debug|Any CPU
		{4DF0BA98-3CE7-422B-B37E-AFB2576FA90D}.Debug|Any CPU.Build.0 = Debug|Any CPU
		{4DF0BA98-3CE7-422B-B37E-AFB2576FA90D}.Release|Any CPU.ActiveCfg = Release|Any CPU
		{4DF0BA98-3CE7-422B-B37E-AFB2576FA90D}.Release|Any CPU.Build.0 = Release|Any CPU
		{DC87CBFA-3CEF-4508-9B78-0972B34F1BD7}.Debug|Any CPU.ActiveCfg = Debug|Any CPU
		{DC87CBFA-3CEF-4508-9B78-0972B34F1BD7}.Debug|Any CPU.Build.0 = Debug|Any CPU
		{DC87CBFA-3CEF-4508-9B78-0972B34F1BD7}.Release|Any CPU.ActiveCfg = Release|Any CPU
		{DC87CBFA-3CEF-4508-9B78-0972B34F1BD7}.Release|Any CPU.Build.0 = Release|Any CPU
		{EB6E4DED-E7C6-4F26-968F-42D0A3FF74F7}.Debug|Any CPU.ActiveCfg = Debug|Any CPU
		{EB6E4DED-E7C6-4F26-968F-42D0A3FF74F7}.Debug|Any CPU.Build.0 = Debug|Any CPU
		{EB6E4DED-E7C6-4F26-968F-42D0A3FF74F7}.Release|Any CPU.ActiveCfg = Release|Any CPU
		{EB6E4DED-E7C6-4F26-968F-42D0A3FF74F7}.Release|Any CPU.Build.0 = Release|Any CPU
		{213B8A96-C842-4C6A-9540-174E0711A8DB}.Debug|Any CPU.ActiveCfg = Debug|Any CPU
		{213B8A96-C842-4C6A-9540-174E0711A8DB}.Debug|Any CPU.Build.0 = Debug|Any CPU
		{213B8A96-C842-4C6A-9540-174E0711A8DB}.Release|Any CPU.ActiveCfg = Release|Any CPU
		{213B8A96-C842-4C6A-9540-174E0711A8DB}.Release|Any CPU.Build.0 = Release|Any CPU
	EndGlobalSection
	GlobalSection(SolutionProperties) = preSolution
		HideSolutionNode = FALSE
	EndGlobalSection
	GlobalSection(ExtensibilityGlobals) = postSolution
		SolutionGuid = {AEAE84EB-CDEE-4207-9B77-B445CB4E0913}
	EndGlobalSection
EndGlobal
